
Microsoft Visual Studio Solution File, Format Version 12.00
# Visual Studio 14
VisualStudioVersion = 14.0.25420.1
MinimumVisualStudioVersion = 10.0.40219.1
Project("{FAE04EC0-301F-11D3-BF4B-00C04F79EFBC}") = "TCGSync", "TCGSync\TCGSync.csproj", "{003E3B6E-B62E-4F15-9C13-502DDFD0AFBE}"
EndProject
Project("{FAE04EC0-301F-11D3-BF4B-00C04F79EFBC}") = "TimeCockpitCommunication", "TimeCockpitCommunication\TimeCockpitCommunication.csproj", "{B30AC64B-3989-44E1-8E5F-6A975FFCDA73}"
EndProject
Project("{FAE04EC0-301F-11D3-BF4B-00C04F79EFBC}") = "GoogleCalendarCommunication", "GoogleCalendarCommunication\GoogleCalendarCommunication.csproj", "{B512CD6A-7612-4C9F-B7E8-5BD044F136B2}"
EndProject
Project("{FAE04EC0-301F-11D3-BF4B-00C04F79EFBC}") = "TCGSyncIterfacesAndAbstract", "TCGSyncIterfaces\TCGSyncIterfacesAndAbstract.csproj", "{6EBCF7CE-2345-4757-904A-013BCCB835DB}"
EndProject
Global
	GlobalSection(SolutionConfigurationPlatforms) = preSolution
		Debug|Any CPU = Debug|Any CPU
		Release|Any CPU = Release|Any CPU
	EndGlobalSection
	GlobalSection(ProjectConfigurationPlatforms) = postSolution
		{003E3B6E-B62E-4F15-9C13-502DDFD0AFBE}.Debug|Any CPU.ActiveCfg = Debug|Any CPU
		{003E3B6E-B62E-4F15-9C13-502DDFD0AFBE}.Debug|Any CPU.Build.0 = Debug|Any CPU
		{003E3B6E-B62E-4F15-9C13-502DDFD0AFBE}.Release|Any CPU.ActiveCfg = Release|Any CPU
		{003E3B6E-B62E-4F15-9C13-502DDFD0AFBE}.Release|Any CPU.Build.0 = Release|Any CPU
		{B30AC64B-3989-44E1-8E5F-6A975FFCDA73}.Debug|Any CPU.ActiveCfg = Debug|Any CPU
		{B30AC64B-3989-44E1-8E5F-6A975FFCDA73}.Debug|Any CPU.Build.0 = Debug|Any CPU
		{B30AC64B-3989-44E1-8E5F-6A975FFCDA73}.Release|Any CPU.ActiveCfg = Release|Any CPU
		{B30AC64B-3989-44E1-8E5F-6A975FFCDA73}.Release|Any CPU.Build.0 = Release|Any CPU
		{B512CD6A-7612-4C9F-B7E8-5BD044F136B2}.Debug|Any CPU.ActiveCfg = Debug|Any CPU
		{B512CD6A-7612-4C9F-B7E8-5BD044F136B2}.Debug|Any CPU.Build.0 = Debug|Any CPU
		{B512CD6A-7612-4C9F-B7E8-5BD044F136B2}.Release|Any CPU.ActiveCfg = Release|Any CPU
		{B512CD6A-7612-4C9F-B7E8-5BD044F136B2}.Release|Any CPU.Build.0 = Release|Any CPU
		{6EBCF7CE-2345-4757-904A-013BCCB835DB}.Debug|Any CPU.ActiveCfg = Debug|Any CPU
		{6EBCF7CE-2345-4757-904A-013BCCB835DB}.Debug|Any CPU.Build.0 = Debug|Any CPU
		{6EBCF7CE-2345-4757-904A-013BCCB835DB}.Release|Any CPU.ActiveCfg = Release|Any CPU
		{6EBCF7CE-2345-4757-904A-013BCCB835DB}.Release|Any CPU.Build.0 = Release|Any CPU
	EndGlobalSection
	GlobalSection(SolutionProperties) = preSolution
		HideSolutionNode = FALSE
	EndGlobalSection
EndGlobal
